// !$*UTF8*$!
{
	archiveVersion = 1;
	classes = {
	};
	objectVersion = 50;
	objects = {

/* Begin PBXBuildFile section */
		44830A99240452D4001CDF50 /* AppDelegate.swift in Sources */ = {isa = PBXBuildFile; fileRef = 44830A98240452D4001CDF50 /* AppDelegate.swift */; };
		44830A9B240452D4001CDF50 /* SceneDelegate.swift in Sources */ = {isa = PBXBuildFile; fileRef = 44830A9A240452D4001CDF50 /* SceneDelegate.swift */; };
		44830A9D240452D4001CDF50 /* ViewController.swift in Sources */ = {isa = PBXBuildFile; fileRef = 44830A9C240452D4001CDF50 /* ViewController.swift */; };
		44830AA0240452D4001CDF50 /* Main.storyboard in Resources */ = {isa = PBXBuildFile; fileRef = 44830A9E240452D4001CDF50 /* Main.storyboard */; };
		44830AA2240452D7001CDF50 /* Assets.xcassets in Resources */ = {isa = PBXBuildFile; fileRef = 44830AA1240452D7001CDF50 /* Assets.xcassets */; };
		44830AA5240452D7001CDF50 /* LaunchScreen.storyboard in Resources */ = {isa = PBXBuildFile; fileRef = 44830AA3240452D7001CDF50 /* LaunchScreen.storyboard */; };
		44830AB0240452D8001CDF50 /* MyMagic8BallTests.swift in Sources */ = {isa = PBXBuildFile; fileRef = 44830AAF240452D8001CDF50 /* MyMagic8BallTests.swift */; };
		44830ABB240452D8001CDF50 /* MyMagic8BallUITests.swift in Sources */ = {isa = PBXBuildFile; fileRef = 44830ABA240452D8001CDF50 /* MyMagic8BallUITests.swift */; };
		44C612512405C1970069DF07 /* openingViewController.swift in Sources */ = {isa = PBXBuildFile; fileRef = 44C612502405C1970069DF07 /* openingViewController.swift */; };
		719D9472240A0D890078E40A /* personalViewController.swift in Sources */ = {isa = PBXBuildFile; fileRef = 719D9471240A0D890078E40A /* personalViewController.swift */; };
/* End PBXBuildFile section */

/* Begin PBXContainerItemProxy section */
		44830AAC240452D8001CDF50 /* PBXContainerItemProxy */ = {
			isa = PBXContainerItemProxy;
			containerPortal = 44830A8D240452D4001CDF50 /* Project object */;
			proxyType = 1;
			remoteGlobalIDString = 44830A94240452D4001CDF50;
			remoteInfo = MyMagic8Ball;
		};
		44830AB7240452D8001CDF50 /* PBXContainerItemProxy */ = {
			isa = PBXContainerItemProxy;
			containerPortal = 44830A8D240452D4001CDF50 /* Project object */;
			proxyType = 1;
			remoteGlobalIDString = 44830A94240452D4001CDF50;
			remoteInfo = MyMagic8Ball;
		};
/* End PBXContainerItemProxy section */

/* Begin PBXFileReference section */
		44830A95240452D4001CDF50 /* MyMagic8Ball.app */ = {isa = PBXFileReference; explicitFileType = wrapper.application; includeInIndex = 0; path = MyMagic8Ball.app; sourceTree = BUILT_PRODUCTS_DIR; };
		44830A98240452D4001CDF50 /* AppDelegate.swift */ = {isa = PBXFileReference; lastKnownFileType = sourcecode.swift; path = AppDelegate.swift; sourceTree = "<group>"; };
		44830A9A240452D4001CDF50 /* SceneDelegate.swift */ = {isa = PBXFileReference; lastKnownFileType = sourcecode.swift; path = SceneDelegate.swift; sourceTree = "<group>"; };
		44830A9C240452D4001CDF50 /* ViewController.swift */ = {isa = PBXFileReference; lastKnownFileType = sourcecode.swift; path = ViewController.swift; sourceTree = "<group>"; };
		44830A9F240452D4001CDF50 /* Base */ = {isa = PBXFileReference; lastKnownFileType = file.storyboard; name = Base; path = Base.lproj/Main.storyboard; sourceTree = "<group>"; };
		44830AA1240452D7001CDF50 /* Assets.xcassets */ = {isa = PBXFileReference; lastKnownFileType = folder.assetcatalog; path = Assets.xcassets; sourceTree = "<group>"; };
		44830AA4240452D7001CDF50 /* Base */ = {isa = PBXFileReference; lastKnownFileType = file.storyboard; name = Base; path = Base.lproj/LaunchScreen.storyboard; sourceTree = "<group>"; };
		44830AA6240452D7001CDF50 /* Info.plist */ = {isa = PBXFileReference; lastKnownFileType = text.plist.xml; path = Info.plist; sourceTree = "<group>"; };
		44830AAB240452D8001CDF50 /* MyMagic8BallTests.xctest */ = {isa = PBXFileReference; explicitFileType = wrapper.cfbundle; includeInIndex = 0; path = MyMagic8BallTests.xctest; sourceTree = BUILT_PRODUCTS_DIR; };
		44830AAF240452D8001CDF50 /* MyMagic8BallTests.swift */ = {isa = PBXFileReference; lastKnownFileType = sourcecode.swift; path = MyMagic8BallTests.swift; sourceTree = "<group>"; };
		44830AB1240452D8001CDF50 /* Info.plist */ = {isa = PBXFileReference; lastKnownFileType = text.plist.xml; path = Info.plist; sourceTree = "<group>"; };
		44830AB6240452D8001CDF50 /* MyMagic8BallUITests.xctest */ = {isa = PBXFileReference; explicitFileType = wrapper.cfbundle; includeInIndex = 0; path = MyMagic8BallUITests.xctest; sourceTree = BUILT_PRODUCTS_DIR; };
		44830ABA240452D8001CDF50 /* MyMagic8BallUITests.swift */ = {isa = PBXFileReference; lastKnownFileType = sourcecode.swift; path = MyMagic8BallUITests.swift; sourceTree = "<group>"; };
		44830ABC240452D8001CDF50 /* Info.plist */ = {isa = PBXFileReference; lastKnownFileType = text.plist.xml; path = Info.plist; sourceTree = "<group>"; };
		44C612502405C1970069DF07 /* openingViewController.swift */ = {isa = PBXFileReference; lastKnownFileType = sourcecode.swift; path = openingViewController.swift; sourceTree = "<group>"; };
		719D9471240A0D890078E40A /* personalViewController.swift */ = {isa = PBXFileReference; lastKnownFileType = sourcecode.swift; path = personalViewController.swift; sourceTree = "<group>"; };
/* End PBXFileReference section */

/* Begin PBXFrameworksBuildPhase section */
		44830A92240452D4001CDF50 /* Frameworks */ = {
			isa = PBXFrameworksBuildPhase;
			buildActionMask = 2147483647;
			files = (
			);
			runOnlyForDeploymentPostprocessing = 0;
		};
		44830AA8240452D8001CDF50 /* Frameworks */ = {
			isa = PBXFrameworksBuildPhase;
			buildActionMask = 2147483647;
			files = (
			);
			runOnlyForDeploymentPostprocessing = 0;
		};
		44830AB3240452D8001CDF50 /* Frameworks */ = {
			isa = PBXFrameworksBuildPhase;
			buildActionMask = 2147483647;
			files = (
			);
			runOnlyForDeploymentPostprocessing = 0;
		};
/* End PBXFrameworksBuildPhase section */

/* Begin PBXGroup section */
		44830A8C240452D4001CDF50 = {
			isa = PBXGroup;
			children = (
				44830A97240452D4001CDF50 /* MyMagic8Ball */,
				44830AAE240452D8001CDF50 /* MyMagic8BallTests */,
				44830AB9240452D8001CDF50 /* MyMagic8BallUITests */,
				44830A96240452D4001CDF50 /* Products */,
			);
			sourceTree = "<group>";
		};
		44830A96240452D4001CDF50 /* Products */ = {
			isa = PBXGroup;
			children = (
				44830A95240452D4001CDF50 /* MyMagic8Ball.app */,
				44830AAB240452D8001CDF50 /* MyMagic8BallTests.xctest */,
				44830AB6240452D8001CDF50 /* MyMagic8BallUITests.xctest */,
			);
			name = Products;
			sourceTree = "<group>";
		};
		44830A97240452D4001CDF50 /* MyMagic8Ball */ = {
			isa = PBXGroup;
			children = (
				44830A98240452D4001CDF50 /* AppDelegate.swift */,
				44830A9A240452D4001CDF50 /* SceneDelegate.swift */,
				44830A9C240452D4001CDF50 /* ViewController.swift */,
				44830A9E240452D4001CDF50 /* Main.storyboard */,
				44830AA1240452D7001CDF50 /* Assets.xcassets */,
				44830AA3240452D7001CDF50 /* LaunchScreen.storyboard */,
				44830AA6240452D7001CDF50 /* Info.plist */,
				44C612502405C1970069DF07 /* openingViewController.swift */,
				719D9471240A0D890078E40A /* personalViewController.swift */,
			);
			path = MyMagic8Ball;
			sourceTree = "<group>";
		};
		44830AAE240452D8001CDF50 /* MyMagic8BallTests */ = {
			isa = PBXGroup;
			children = (
				44830AAF240452D8001CDF50 /* MyMagic8BallTests.swift */,
				44830AB1240452D8001CDF50 /* Info.plist */,
			);
			path = MyMagic8BallTests;
			sourceTree = "<group>";
		};
		44830AB9240452D8001CDF50 /* MyMagic8BallUITests */ = {
			isa = PBXGroup;
			children = (
				44830ABA240452D8001CDF50 /* MyMagic8BallUITests.swift */,
				44830ABC240452D8001CDF50 /* Info.plist */,
			);
			path = MyMagic8BallUITests;
			sourceTree = "<group>";
		};
/* End PBXGroup section */

/* Begin PBXNativeTarget section */
		44830A94240452D4001CDF50 /* MyMagic8Ball */ = {
			isa = PBXNativeTarget;
			buildConfigurationList = 44830ABF240452D8001CDF50 /* Build configuration list for PBXNativeTarget "MyMagic8Ball" */;
			buildPhases = (
				44830A91240452D4001CDF50 /* Sources */,
				44830A92240452D4001CDF50 /* Frameworks */,
				44830A93240452D4001CDF50 /* Resources */,
			);
			buildRules = (
			);
			dependencies = (
			);
			name = MyMagic8Ball;
			productName = MyMagic8Ball;
			productReference = 44830A95240452D4001CDF50 /* MyMagic8Ball.app */;
			productType = "com.apple.product-type.application";
		};
		44830AAA240452D8001CDF50 /* MyMagic8BallTests */ = {
			isa = PBXNativeTarget;
			buildConfigurationList = 44830AC2240452D8001CDF50 /* Build configuration list for PBXNativeTarget "MyMagic8BallTests" */;
			buildPhases = (
				44830AA7240452D8001CDF50 /* Sources */,
				44830AA8240452D8001CDF50 /* Frameworks */,
				44830AA9240452D8001CDF50 /* Resources */,
			);
			buildRules = (
			);
			dependencies = (
				44830AAD240452D8001CDF50 /* PBXTargetDependency */,
			);
			name = MyMagic8BallTests;
			productName = MyMagic8BallTests;
			productReference = 44830AAB240452D8001CDF50 /* MyMagic8BallTests.xctest */;
			productType = "com.apple.product-type.bundle.unit-test";
		};
		44830AB5240452D8001CDF50 /* MyMagic8BallUITests */ = {
			isa = PBXNativeTarget;
			buildConfigurationList = 44830AC5240452D8001CDF50 /* Build configuration list for PBXNativeTarget "MyMagic8BallUITests" */;
			buildPhases = (
				44830AB2240452D8001CDF50 /* Sources */,
				44830AB3240452D8001CDF50 /* Frameworks */,
				44830AB4240452D8001CDF50 /* Resources */,
			);
			buildRules = (
			);
			dependencies = (
				44830AB8240452D8001CDF50 /* PBXTargetDependency */,
			);
			name = MyMagic8BallUITests;
			productName = MyMagic8BallUITests;
			productReference = 44830AB6240452D8001CDF50 /* MyMagic8BallUITests.xctest */;
			productType = "com.apple.product-type.bundle.ui-testing";
		};
/* End PBXNativeTarget section */

/* Begin PBXProject section */
		44830A8D240452D4001CDF50 /* Project object */ = {
			isa = PBXProject;
			attributes = {
				LastSwiftUpdateCheck = 1130;
				LastUpgradeCheck = 1130;
				ORGANIZATIONNAME = "Jane Perez";
				TargetAttributes = {
					44830A94240452D4001CDF50 = {
						CreatedOnToolsVersion = 11.3.1;
					};
					44830AAA240452D8001CDF50 = {
						CreatedOnToolsVersion = 11.3.1;
						TestTargetID = 44830A94240452D4001CDF50;
					};
					44830AB5240452D8001CDF50 = {
						CreatedOnToolsVersion = 11.3.1;
						TestTargetID = 44830A94240452D4001CDF50;
					};
				};
			};
			buildConfigurationList = 44830A90240452D4001CDF50 /* Build configuration list for PBXProject "MyMagic8Ball" */;
			compatibilityVersion = "Xcode 9.3";
			developmentRegion = en;
			hasScannedForEncodings = 0;
			knownRegions = (
				en,
				Base,
			);
			mainGroup = 44830A8C240452D4001CDF50;
			productRefGroup = 44830A96240452D4001CDF50 /* Products */;
			projectDirPath = "";
			projectRoot = "";
			targets = (
				44830A94240452D4001CDF50 /* MyMagic8Ball */,
				44830AAA240452D8001CDF50 /* MyMagic8BallTests */,
				44830AB5240452D8001CDF50 /* MyMagic8BallUITests */,
			);
		};
/* End PBXProject section */

/* Begin PBXResourcesBuildPhase section */
		44830A93240452D4001CDF50 /* Resources */ = {
			isa = PBXResourcesBuildPhase;
			buildActionMask = 2147483647;
			files = (
				44830AA5240452D7001CDF50 /* LaunchScreen.storyboard in Resources */,
				44830AA2240452D7001CDF50 /* Assets.xcassets in Resources */,
				44830AA0240452D4001CDF50 /* Main.storyboard in Resources */,
			);
			runOnlyForDeploymentPostprocessing = 0;
		};
		44830AA9240452D8001CDF50 /* Resources */ = {
			isa = PBXResourcesBuildPhase;
			buildActionMask = 2147483647;
			files = (
			);
			runOnlyForDeploymentPostprocessing = 0;
		};
		44830AB4240452D8001CDF50 /* Resources */ = {
			isa = PBXResourcesBuildPhase;
			buildActionMask = 2147483647;
			files = (
			);
			runOnlyForDeploymentPostprocessing = 0;
		};
/* End PBXResourcesBuildPhase section */

/* Begin PBXSourcesBuildPhase section */
		44830A91240452D4001CDF50 /* Sources */ = {
			isa = PBXSourcesBuildPhase;
			buildActionMask = 2147483647;
			files = (
				44830A9D240452D4001CDF50 /* ViewController.swift in Sources */,
				44C612512405C1970069DF07 /* openingViewController.swift in Sources */,
				44830A99240452D4001CDF50 /* AppDelegate.swift in Sources */,
				44830A9B240452D4001CDF50 /* SceneDelegate.swift in Sources */,
				719D9472240A0D890078E40A /* personalViewController.swift in Sources */,
			);
			runOnlyForDeploymentPostprocessing = 0;
		};
		44830AA7240452D8001CDF50 /* Sources */ = {
			isa = PBXSourcesBuildPhase;
			buildActionMask = 2147483647;
			files = (
				44830AB0240452D8001CDF50 /* MyMagic8BallTests.swift in Sources */,
			);
			runOnlyForDeploymentPostprocessing = 0;
		};
		44830AB2240452D8001CDF50 /* Sources */ = {
			isa = PBXSourcesBuildPhase;
			buildActionMask = 2147483647;
			files = (
				44830ABB240452D8001CDF50 /* MyMagic8BallUITests.swift in Sources */,
			);
			runOnlyForDeploymentPostprocessing = 0;
		};
/* End PBXSourcesBuildPhase section */

/* Begin PBXTargetDependency section */
		44830AAD240452D8001CDF50 /* PBXTargetDependency */ = {
			isa = PBXTargetDependency;
			target = 44830A94240452D4001CDF50 /* MyMagic8Ball */;
			targetProxy = 44830AAC240452D8001CDF50 /* PBXContainerItemProxy */;
		};
		44830AB8240452D8001CDF50 /* PBXTargetDependency */ = {
			isa = PBXTargetDependency;
			target = 44830A94240452D4001CDF50 /* MyMagic8Ball */;
			targetProxy = 44830AB7240452D8001CDF50 /* PBXContainerItemProxy */;
		};
/* End PBXTargetDependency section */

/* Begin PBXVariantGroup section */
		44830A9E240452D4001CDF50 /* Main.storyboard */ = {
			isa = PBXVariantGroup;
			children = (
				44830A9F240452D4001CDF50 /* Base */,
			);
			name = Main.storyboard;
			sourceTree = "<group>";
		};
		44830AA3240452D7001CDF50 /* LaunchScreen.storyboard */ = {
			isa = PBXVariantGroup;
			children = (
				44830AA4240452D7001CDF50 /* Base */,
			);
			name = LaunchScreen.storyboard;
			sourceTree = "<group>";
		};
/* End PBXVariantGroup section */

/* Begin XCBuildConfiguration section */
		44830ABD240452D8001CDF50 /* Debug */ = {
			isa = XCBuildConfiguration;
			buildSettings = {
				ALWAYS_SEARCH_USER_PATHS = NO;
				CLANG_ANALYZER_NONNULL = YES;
				CLANG_ANALYZER_NUMBER_OBJECT_CONVERSION = YES_AGGRESSIVE;
				CLANG_CXX_LANGUAGE_STANDARD = "gnu++14";
				CLANG_CXX_LIBRARY = "libc++";
				CLANG_ENABLE_MODULES = YES;
				CLANG_ENABLE_OBJC_ARC = YES;
				CLANG_ENABLE_OBJC_WEAK = YES;
				CLANG_WARN_BLOCK_CAPTURE_AUTORELEASING = YES;
				CLANG_WARN_BOOL_CONVERSION = YES;
				CLANG_WARN_COMMA = YES;
				CLANG_WARN_CONSTANT_CONVERSION = YES;
				CLANG_WARN_DEPRECATED_OBJC_IMPLEMENTATIONS = YES;
				CLANG_WARN_DIRECT_OBJC_ISA_USAGE = YES_ERROR;
				CLANG_WARN_DOCUMENTATION_COMMENTS = YES;
				CLANG_WARN_EMPTY_BODY = YES;
				CLANG_WARN_ENUM_CONVERSION = YES;
				CLANG_WARN_INFINITE_RECURSION = YES;
				CLANG_WARN_INT_CONVERSION = YES;
				CLANG_WARN_NON_LITERAL_NULL_CONVERSION = YES;
				CLANG_WARN_OBJC_IMPLICIT_RETAIN_SELF = YES;
				CLANG_WARN_OBJC_LITERAL_CONVERSION = YES;
				CLANG_WARN_OBJC_ROOT_CLASS = YES_ERROR;
				CLANG_WARN_RANGE_LOOP_ANALYSIS = YES;
				CLANG_WARN_STRICT_PROTOTYPES = YES;
				CLANG_WARN_SUSPICIOUS_MOVE = YES;
				CLANG_WARN_UNGUARDED_AVAILABILITY = YES_AGGRESSIVE;
				CLANG_WARN_UNREACHABLE_CODE = YES;
				CLANG_WARN__DUPLICATE_METHOD_MATCH = YES;
				COPY_PHASE_STRIP = NO;
				DEBUG_INFORMATION_FORMAT = dwarf;
				ENABLE_STRICT_OBJC_MSGSEND = YES;
				ENABLE_TESTABILITY = YES;
				GCC_C_LANGUAGE_STANDARD = gnu11;
				GCC_DYNAMIC_NO_PIC = NO;
				GCC_NO_COMMON_BLOCKS = YES;
				GCC_OPTIMIZATION_LEVEL = 0;
				GCC_PREPROCESSOR_DEFINITIONS = (
					"DEBUG=1",
					"$(inherited)",
				);
				GCC_WARN_64_TO_32_BIT_CONVERSION = YES;
				GCC_WARN_ABOUT_RETURN_TYPE = YES_ERROR;
				GCC_WARN_UNDECLARED_SELECTOR = YES;
				GCC_WARN_UNINITIALIZED_AUTOS = YES_AGGRESSIVE;
				GCC_WARN_UNUSED_FUNCTION = YES;
				GCC_WARN_UNUSED_VARIABLE = YES;
				IPHONEOS_DEPLOYMENT_TARGET = 13.2;
				MTL_ENABLE_DEBUG_INFO = INCLUDE_SOURCE;
				MTL_FAST_MATH = YES;
				ONLY_ACTIVE_ARCH = YES;
				SDKROOT = iphoneos;
				SWIFT_ACTIVE_COMPILATION_CONDITIONS = DEBUG;
				SWIFT_OPTIMIZATION_LEVEL = "-Onone";
			};
			name = Debug;
		};
		44830ABE240452D8001CDF50 /* Release */ = {
			isa = XCBuildConfiguration;
			buildSettings = {
				ALWAYS_SEARCH_USER_PATHS = NO;
				CLANG_ANALYZER_NONNULL = YES;
				CLANG_ANALYZER_NUMBER_OBJECT_CONVERSION = YES_AGGRESSIVE;
				CLANG_CXX_LANGUAGE_STANDARD = "gnu++14";
				CLANG_CXX_LIBRARY = "libc++";
				CLANG_ENABLE_MODULES = YES;
				CLANG_ENABLE_OBJC_ARC = YES;
				CLANG_ENABLE_OBJC_WEAK = YES;
				CLANG_WARN_BLOCK_CAPTURE_AUTORELEASING = YES;
				CLANG_WARN_BOOL_CONVERSION = YES;
				CLANG_WARN_COMMA = YES;
				CLANG_WARN_CONSTANT_CONVERSION = YES;
				CLANG_WARN_DEPRECATED_OBJC_IMPLEMENTATIONS = YES;
				CLANG_WARN_DIRECT_OBJC_ISA_USAGE = YES_ERROR;
				CLANG_WARN_DOCUMENTATION_COMMENTS = YES;
				CLANG_WARN_EMPTY_BODY = YES;
				CLANG_WARN_ENUM_CONVERSION = YES;
				CLANG_WARN_INFINITE_RECURSION = YES;
				CLANG_WARN_INT_CONVERSION = YES;
				CLANG_WARN_NON_LITERAL_NULL_CONVERSION = YES;
				CLANG_WARN_OBJC_IMPLICIT_RETAIN_SELF = YES;
				CLANG_WARN_OBJC_LITERAL_CONVERSION = YES;
				CLANG_WARN_OBJC_ROOT_CLASS = YES_ERROR;
				CLANG_WARN_RANGE_LOOP_ANALYSIS = YES;
				CLANG_WARN_STRICT_PROTOTYPES = YES;
				CLANG_WARN_SUSPICIOUS_MOVE = YES;
				CLANG_WARN_UNGUARDED_AVAILABILITY = YES_AGGRESSIVE;
				CLANG_WARN_UNREACHABLE_CODE = YES;
				CLANG_WARN__DUPLICATE_METHOD_MATCH = YES;
				COPY_PHASE_STRIP = NO;
				DEBUG_INFORMATION_FORMAT = "dwarf-with-dsym";
				ENABLE_NS_ASSERTIONS = NO;
				ENABLE_STRICT_OBJC_MSGSEND = YES;
				GCC_C_LANGUAGE_STANDARD = gnu11;
				GCC_NO_COMMON_BLOCKS = YES;
				GCC_WARN_64_TO_32_BIT_CONVERSION = YES;
				GCC_WARN_ABOUT_RETURN_TYPE = YES_ERROR;
				GCC_WARN_UNDECLARED_SELECTOR = YES;
				GCC_WARN_UNINITIALIZED_AUTOS = YES_AGGRESSIVE;
				GCC_WARN_UNUSED_FUNCTION = YES;
				GCC_WARN_UNUSED_VARIABLE = YES;
				IPHONEOS_DEPLOYMENT_TARGET = 13.2;
				MTL_ENABLE_DEBUG_INFO = NO;
				MTL_FAST_MATH = YES;
				SDKROOT = iphoneos;
				SWIFT_COMPILATION_MODE = wholemodule;
				SWIFT_OPTIMIZATION_LEVEL = "-O";
				VALIDATE_PRODUCT = YES;
			};
			name = Release;
		};
		44830AC0240452D8001CDF50 /* Debug */ = {
			isa = XCBuildConfiguration;
			buildSettings = {
				ASSETCATALOG_COMPILER_APPICON_NAME = AppIcon;
				CODE_SIGN_STYLE = Automatic;
				INFOPLIST_FILE = MyMagic8Ball/Info.plist;
				LD_RUNPATH_SEARCH_PATHS = (
					"$(inherited)",
					"@executable_path/Frameworks",
				);
				PRODUCT_BUNDLE_IDENTIFIER = Jane.MyMagic8Ball;
				PRODUCT_NAME = "$(TARGET_NAME)";
				SWIFT_VERSION = 5.0;
				TARGETED_DEVICE_FAMILY = "1,2";
			};
			name = Debug;
		};
		44830AC1240452D8001CDF50 /* Release */ = {
			isa = XCBuildConfiguration;
			buildSettings = {
				ASSETCATALOG_COMPILER_APPICON_NAME = AppIcon;
				CODE_SIGN_STYLE = Automatic;
				INFOPLIST_FILE = MyMagic8Ball/Info.plist;
				LD_RUNPATH_SEARCH_PATHS = (
					"$(inherited)",
					"@executable_path/Frameworks",
				);
				PRODUCT_BUNDLE_IDENTIFIER = Jane.MyMagic8Ball;
				PRODUCT_NAME = "$(TARGET_NAME)";
				SWIFT_VERSION = 5.0;
				TARGETED_DEVICE_FAMILY = "1,2";
			};
			name = Release;
		};
		44830AC3240452D8001CDF50 /* Debug */ = {
			isa = XCBuildConfiguration;
			buildSettings = {
				ALWAYS_EMBED_SWIFT_STANDARD_LIBRARIES = YES;
				BUNDLE_LOADER = "$(TEST_HOST)";
				CODE_SIGN_STYLE = Automatic;
				INFOPLIST_FILE = MyMagic8BallTests/Info.plist;
				IPHONEOS_DEPLOYMENT_TARGET = 13.2;
				LD_RUNPATH_SEARCH_PATHS = (
					"$(inherited)",
					"@executable_path/Frameworks",
					"@loader_path/Frameworks",
				);
				PRODUCT_BUNDLE_IDENTIFIER = Jane.MyMagic8BallTests;
				PRODUCT_NAME = "$(TARGET_NAME)";
				SWIFT_VERSION = 5.0;
				TARGETED_DEVICE_FAMILY = "1,2";
				TEST_HOST = "$(BUILT_PRODUCTS_DIR)/MyMagic8Ball.app/MyMagic8Ball";
			};
			name = Debug;
		};
		44830AC4240452D8001CDF50 /* Release */ = {
			isa = XCBuildConfiguration;
			buildSettings = {
				ALWAYS_EMBED_SWIFT_STANDARD_LIBRARIES = YES;
				BUNDLE_LOADER = "$(TEST_HOST)";
				CODE_SIGN_STYLE = Automatic;
				INFOPLIST_FILE = MyMagic8BallTests/Info.plist;
				IPHONEOS_DEPLOYMENT_TARGET = 13.2;
				LD_RUNPATH_SEARCH_PATHS = (
					"$(inherited)",
					"@executable_path/Frameworks",
					"@loader_path/Frameworks",
				);
				PRODUCT_BUNDLE_IDENTIFIER = Jane.MyMagic8BallTests;
				PRODUCT_NAME = "$(TARGET_NAME)";
				SWIFT_VERSION = 5.0;
				TARGETED_DEVICE_FAMILY = "1,2";
				TEST_HOST = "$(BUILT_PRODUCTS_DIR)/MyMagic8Ball.app/MyMagic8Ball";
			};
			name = Release;
		};
		44830AC6240452D8001CDF50 /* Debug */ = {
			isa = XCBuildConfiguration;
			buildSettings = {
				ALWAYS_EMBED_SWIFT_STANDARD_LIBRARIES = YES;
				CODE_SIGN_STYLE = Automatic;
				INFOPLIST_FILE = MyMagic8BallUITests/Info.plist;
				LD_RUNPATH_SEARCH_PATHS = (
					"$(inherited)",
					"@executable_path/Frameworks",
					"@loader_path/Frameworks",
				);
				PRODUCT_BUNDLE_IDENTIFIER = Jane.MyMagic8BallUITests;
				PRODUCT_NAME = "$(TARGET_NAME)";
				SWIFT_VERSION = 5.0;
				TARGETED_DEVICE_FAMILY = "1,2";
				TEST_TARGET_NAME = MyMagic8Ball;
			};
			name = Debug;
		};
		44830AC7240452D8001CDF50 /* Release */ = {
			isa = XCBuildConfiguration;
			buildSettings = {
				ALWAYS_EMBED_SWIFT_STANDARD_LIBRARIES = YES;
				CODE_SIGN_STYLE = Automatic;
				INFOPLIST_FILE = MyMagic8BallUITests/Info.plist;
				LD_RUNPATH_SEARCH_PATHS = (
					"$(inherited)",
					"@executable_path/Frameworks",
					"@loader_path/Frameworks",
				);
				PRODUCT_BUNDLE_IDENTIFIER = Jane.MyMagic8BallUITests;
				PRODUCT_NAME = "$(TARGET_NAME)";
				SWIFT_VERSION = 5.0;
				TARGETED_DEVICE_FAMILY = "1,2";
				TEST_TARGET_NAME = MyMagic8Ball;
			};
			name = Release;
		};
/* End XCBuildConfiguration section */

/* Begin XCConfigurationList section */
		44830A90240452D4001CDF50 /* Build configuration list for PBXProject "MyMagic8Ball" */ = {
			isa = XCConfigurationList;
			buildConfigurations = (
				44830ABD240452D8001CDF50 /* Debug */,
				44830ABE240452D8001CDF50 /* Release */,
			);
			defaultConfigurationIsVisible = 0;
			defaultConfigurationName = Release;
		};
		44830ABF240452D8001CDF50 /* Build configuration list for PBXNativeTarget "MyMagic8Ball" */ = {
			isa = XCConfigurationList;
			buildConfigurations = (
				44830AC0240452D8001CDF50 /* Debug */,
				44830AC1240452D8001CDF50 /* Release */,
			);
			defaultConfigurationIsVisible = 0;
			defaultConfigurationName = Release;
		};
		44830AC2240452D8001CDF50 /* Build configuration list for PBXNativeTarget "MyMagic8BallTests" */ = {
			isa = XCConfigurationList;
			buildConfigurations = (
				44830AC3240452D8001CDF50 /* Debug */,
				44830AC4240452D8001CDF50 /* Release */,
			);
			defaultConfigurationIsVisible = 0;
			defaultConfigurationName = Release;
		};
		44830AC5240452D8001CDF50 /* Build configuration list for PBXNativeTarget "MyMagic8BallUITests" */ = {
			isa = XCConfigurationList;
			buildConfigurations = (
				44830AC6240452D8001CDF50 /* Debug */,
				44830AC7240452D8001CDF50 /* Release */,
			);
			defaultConfigurationIsVisible = 0;
			defaultConfigurationName = Release;
		};
/* End XCConfigurationList section */
	};
	rootObject = 44830A8D240452D4001CDF50 /* Project object */;
}
